
Microsoft Visual Studio Solution File, Format Version 12.00
# Visual Studio Version 16
VisualStudioVersion = 16.0.30204.135
MinimumVisualStudioVersion = 10.0.40219.1
Project("{FAE04EC0-301F-11D3-BF4B-00C04F79EFBC}") = "ProyectoFinal", "ProyectoFinal.csproj", "{9DAE77FA-0859-428E-AD7A-9A5A89F38974}"
EndProject
Global
	GlobalSection(SolutionConfigurationPlatforms) = preSolution
		Debug|Any CPU = Debug|Any CPU
		Release|Any CPU = Release|Any CPU
	EndGlobalSection
	GlobalSection(ProjectConfigurationPlatforms) = postSolution
		{9DAE77FA-0859-428E-AD7A-9A5A89F38974}.Debug|Any CPU.ActiveCfg = Debug|Any CPU
		{9DAE77FA-0859-428E-AD7A-9A5A89F38974}.Debug|Any CPU.Build.0 = Debug|Any CPU
		{9DAE77FA-0859-428E-AD7A-9A5A89F38974}.Release|Any CPU.ActiveCfg = Release|Any CPU
		{9DAE77FA-0859-428E-AD7A-9A5A89F38974}.Release|Any CPU.Build.0 = Release|Any CPU
	EndGlobalSection
	GlobalSection(SolutionProperties) = preSolution
		HideSolutionNode = FALSE
	EndGlobalSection
	GlobalSection(ExtensibilityGlobals) = postSolution
		SolutionGuid = {CA9DA1C8-EF8F-42BE-88C0-9D46813310DD}
	EndGlobalSection
EndGlobal
